
Microsoft Visual Studio Solution File, Format Version 12.00
# Visual Studio Version 17
VisualStudioVersion = 17.2.32630.192
MinimumVisualStudioVersion = 10.0.40219.1
Project("{FAE04EC0-301F-11D3-BF4B-00C04F79EFBC}") = "Authortication", "Authortication\Authortication.csproj", "{BDAFD96A-0867-41D3-8882-13279A842895}"
EndProject
Global
	GlobalSection(SolutionConfigurationPlatforms) = preSolution
		Debug|Any CPU = Debug|Any CPU
		Release|Any CPU = Release|Any CPU
	EndGlobalSection
	GlobalSection(ProjectConfigurationPlatforms) = postSolution
		{BDAFD96A-0867-41D3-8882-13279A842895}.Debug|Any CPU.ActiveCfg = Debug|Any CPU
		{BDAFD96A-0867-41D3-8882-13279A842895}.Debug|Any CPU.Build.0 = Debug|Any CPU
		{BDAFD96A-0867-41D3-8882-13279A842895}.Release|Any CPU.ActiveCfg = Release|Any CPU
		{BDAFD96A-0867-41D3-8882-13279A842895}.Release|Any CPU.Build.0 = Release|Any CPU
	EndGlobalSection
	GlobalSection(SolutionProperties) = preSolution
		HideSolutionNode = FALSE
	EndGlobalSection
	GlobalSection(ExtensibilityGlobals) = postSolution
		SolutionGuid = {2B5D2830-AB46-4D39-BE5B-438D0DD210D8}
	EndGlobalSection
EndGlobal
